#MicroXplorer Configuration settings - do not modify
Mcu.Family=STM32F1
ProjectManager.MainLocation=Core/Src
RCC.MCOFreq_Value=64000000
Dma.SPI1_TX.1.Priority=DMA_PRIORITY_HIGH
PA6.Mode=Full_Duplex_Master
ProjectManager.KeepUserCode=true
Mcu.UserName=STM32F103C8Tx
SPI1.VirtualType=VM_MASTER
RCC.PLLCLKFreq_Value=64000000
PA14.GPIO_Label=SWD_CLK
PA3.GPIO_PuPd=GPIO_NOPULL
ProjectManager.functionlistsort=1-MX_GPIO_Init-GPIO-false-LL-true,2-MX_DMA_Init-DMA-false-LL-true,3-SystemClock_Config-RCC-false-LL-false,4-MX_SPI1_Init-SPI1-false-LL-true,5-MX_USART1_UART_Init-USART1-false-LL-true,6-MX_ADC1_Init-ADC1-false-LL-true
PA9.GPIOParameters=GPIO_Label
Dma.SPI1_TX.1.PeriphInc=DMA_PINC_DISABLE
PA3.GPIOParameters=GPIO_Speed,PinState,GPIO_PuPd,GPIO_Label,GPIO_ModeDefaultOutputPP
RCC.ADCFreqValue=10666666.666666666
PA6.GPIO_Label=SPI1_MISO
PB6.GPIO_Label=STAT_LED2
USART1.IPParameters=VirtualMode
PA3.GPIO_Speed=GPIO_SPEED_FREQ_HIGH
PA2.GPIOParameters=GPIO_Label
PC15-OSC32_OUT.GPIO_Label=N5V_EN
PinOutPanel.RotationAngle=0
RCC.SYSCLKSource=RCC_SYSCLKSOURCE_PLLCLK
ProjectManager.StackSize=0x400
PB5.GPIOParameters=GPIO_Speed,PinState,GPIO_PuPd,GPIO_Label,GPIO_ModeDefaultOutputPP
NVIC.DMA1_Channel3_IRQn=true\:0\:0\:false\:false\:true\:false\:true
Mcu.IP4=SPI1
RCC.FCLKCortexFreq_Value=64000000
Mcu.IP5=SYS
Mcu.IP2=NVIC
NVIC.SVCall_IRQn=true\:0\:0\:false\:false\:true\:false\:false
Mcu.IP3=RCC
PB4.GPIOParameters=GPIO_Speed,PinState,GPIO_PuPd,GPIO_Label,GPIO_ModeDefaultOutputPP
Mcu.IP0=ADC1
Mcu.IP1=DMA
Mcu.UserConstants=
Dma.SPI1_RX.0.Direction=DMA_PERIPH_TO_MEMORY
Mcu.ThirdPartyNb=0
SPI1.Direction=SPI_DIRECTION_2LINES
RCC.HCLKFreq_Value=64000000
Mcu.IPNb=7
ProjectManager.PreviousToolchain=
RCC.APB2TimFreq_Value=64000000
PB6.Signal=GPIO_Output
ADC1.Channel-2\#ChannelRegularConversion=ADC_CHANNEL_2
PB5.PinState=GPIO_PIN_SET
SH.SharedAnalog_PA1.ConfNb=2
SPI1.CalculateBaudRate=16.0 MBits/s
Mcu.Pin6=PA4
Mcu.Pin7=PA5
Mcu.Pin8=PA6
Mcu.Pin9=PA7
RCC.AHBFreq_Value=64000000
Mcu.Pin0=PC14-OSC32_IN
Mcu.Pin1=PC15-OSC32_OUT
GPIO.groupedBy=Group By Peripherals
Mcu.Pin2=PA0-WKUP
Mcu.Pin3=PA1
PA0-WKUP.GPIOParameters=GPIO_Label
Mcu.Pin4=PA2
Mcu.Pin5=PA3
Dma.SPI1_TX.1.PeriphDataAlignment=DMA_PDATAALIGN_BYTE
ADC1.Channel-0\#ChannelRegularConversion=ADC_CHANNEL_0
ProjectManager.ProjectBuild=false
NVIC.UsageFault_IRQn=true\:0\:0\:false\:false\:true\:false\:false
NVIC.DebugMonitor_IRQn=true\:0\:0\:false\:false\:true\:false\:false
PA4.GPIO_PuPd=GPIO_NOPULL
PB3.Mode=Trace_Asynchronous_SW
PA4.Locked=true
NVIC.SysTick_IRQn=true\:0\:0\:false\:false\:true\:false\:true
RCC.PLLMUL=RCC_PLL_MUL16
PA4.GPIO_Speed=GPIO_SPEED_FREQ_HIGH
Dma.SPI1_RX.0.PeriphInc=DMA_PINC_DISABLE
ProjectManager.FirmwarePackage=STM32Cube FW_F1 V1.8.4
MxDb.Version=DB.6.0.21
ADC1.Rank-2\#ChannelRegularConversion=3
PA1.GPIOParameters=GPIO_Label
Dma.ADC1.2.MemDataAlignment=DMA_MDATAALIGN_HALFWORD
ProjectManager.BackupPrevious=false
Dma.SPI1_TX.1.Mode=DMA_NORMAL
PA14.Mode=Trace_Asynchronous_SW
File.Version=6
PA10.GPIO_Label=USART1_DBG_RX
Dma.ADC1.2.Direction=DMA_PERIPH_TO_MEMORY
PB3.GPIOParameters=GPIO_Label
PB7.Signal=GPIO_Output
PC15-OSC32_OUT.PinState=GPIO_PIN_SET
SH.SharedAnalog_PA2.ConfNb=2
PB6.Locked=true
NVIC.PendSV_IRQn=true\:0\:0\:false\:false\:true\:false\:false
Dma.RequestsNb=3
PB6.GPIOParameters=GPIO_Speed,PinState,GPIO_PuPd,GPIO_Label,GPIO_ModeDefaultOutputPP
ProjectManager.HalAssertFull=false
ADC1.SamplingTime-0\#ChannelRegularConversion=ADC_SAMPLETIME_55CYCLES_5
PC14-OSC32_IN.GPIOParameters=GPIO_PuPd,GPIO_Label
ProjectManager.ProjectName=APA102_LED_F103C8
PB7.PinState=GPIO_PIN_SET
PA13.GPIOParameters=GPIO_Label
RCC.PLLMCOFreq_Value=32000000
PB7.GPIO_Label=STAT_LED3
Dma.SPI1_TX.1.RequestParameters=Instance,Direction,PeriphInc,MemInc,PeriphDataAlignment,MemDataAlignment,Mode,Priority
Mcu.Package=LQFP48
PA6.Signal=SPI1_MISO
ProjectManager.ToolChainLocation=
PA2.GPIO_Label=V_DC_SNS
PB6.GPIO_ModeDefaultOutputPP=GPIO_MODE_OUTPUT_PP
VP_SYS_VS_Systick.Signal=SYS_VS_Systick
PA10.Signal=USART1_RX
PA5.GPIOParameters=GPIO_Label
PA4.GPIO_ModeDefaultOutputPP=GPIO_MODE_OUTPUT_PP
PB5.GPIO_Speed=GPIO_SPEED_FREQ_MEDIUM
PB5.GPIO_Label=STAT_LED1
Dma.Request2=ADC1
Dma.Request1=SPI1_TX
RCC.APB1TimFreq_Value=64000000
NVIC.BusFault_IRQn=true\:0\:0\:false\:false\:true\:false\:false
PC14-OSC32_IN.GPIO_Label=VERSION
PC15-OSC32_OUT.GPIO_Speed=GPIO_SPEED_FREQ_MEDIUM
PC15-OSC32_OUT.GPIOParameters=GPIO_Speed,PinState,GPIO_Label
NVIC.USART1_IRQn=true\:0\:0\:false\:false\:true\:true\:true
Dma.Request0=SPI1_RX
Dma.SPI1_RX.0.RequestParameters=Instance,Direction,PeriphInc,MemInc,PeriphDataAlignment,MemDataAlignment,Mode,Priority
SPI1.BaudRatePrescaler=SPI_BAUDRATEPRESCALER_4
PB4.PinState=GPIO_PIN_SET
PA4.GPIO_Label=SPI1_APA_CS
ProjectManager.CustomerFirmwarePackage=
PC14-OSC32_IN.Locked=true
Dma.SPI1_TX.1.Instance=DMA1_Channel3
PB4.Signal=GPIO_Output
Dma.ADC1.2.Mode=DMA_NORMAL
PB4.GPIO_ModeDefaultOutputPP=GPIO_MODE_OUTPUT_PP
PA3.Signal=GPIO_Output
PA5.Mode=Full_Duplex_Master
PB7.GPIO_Speed=GPIO_SPEED_FREQ_MEDIUM
PA2.Locked=true
PB3.GPIO_Label=SWD_O
PA6.GPIOParameters=GPIO_Label
PB7.GPIO_PuPd=GPIO_NOPULL
PB5.GPIO_ModeDefaultOutputPP=GPIO_MODE_OUTPUT_PP
Dma.SPI1_TX.1.MemInc=DMA_MINC_ENABLE
ProjectManager.ProjectFileName=APA102_LED_F103C8.ioc
PA3.GPIO_ModeDefaultOutputPP=GPIO_MODE_OUTPUT_PP
ADC1.Rank-0\#ChannelRegularConversion=1
PA7.Mode=Full_Duplex_Master
PA10.Mode=Asynchronous
Mcu.PinsNb=20
ProjectManager.NoMain=true
SPI1.IPParameters=VirtualType,Mode,Direction,CalculateBaudRate,BaudRatePrescaler
SH.SharedAnalog_PA0.0=GPIO_Analog
SH.SharedAnalog_PA0.1=ADC1_IN0,IN0
ADC1.IPParameters=Rank-0\#ChannelRegularConversion,Channel-0\#ChannelRegularConversion,SamplingTime-0\#ChannelRegularConversion,NbrOfConversionFlag,master,Rank-1\#ChannelRegularConversion,Channel-1\#ChannelRegularConversion,SamplingTime-1\#ChannelRegularConversion,Rank-2\#ChannelRegularConversion,Channel-2\#ChannelRegularConversion,SamplingTime-2\#ChannelRegularConversion,NbrOfConversion
PA9.GPIO_Label=USART1_DBG_TX
Dma.ADC1.2.PeriphDataAlignment=DMA_PDATAALIGN_HALFWORD
PB6.GPIO_PuPd=GPIO_NOPULL
ProjectManager.DefaultFWLocation=true
ProjectManager.DeletePrevious=true
Dma.SPI1_RX.0.Mode=DMA_NORMAL
RCC.APB1CLKDivider=RCC_HCLK_DIV2
PC14-OSC32_IN.Signal=GPIO_Input
Dma.SPI1_TX.1.Direction=DMA_MEMORY_TO_PERIPH
ADC1.SamplingTime-2\#ChannelRegularConversion=ADC_SAMPLETIME_55CYCLES_5
RCC.FamilyName=M
PA0-WKUP.GPIO_Label=I_5V_SNS
PA0-WKUP.Signal=SharedAnalog_PA0
PA0-WKUP.Locked=true
RCC.ADCPresc=RCC_ADCPCLK2_DIV6
PA13.Signal=SYS_JTMS-SWDIO
PA9.Mode=Asynchronous
Dma.SPI1_TX.1.MemDataAlignment=DMA_MDATAALIGN_BYTE
Dma.ADC1.2.MemInc=DMA_MINC_ENABLE
PC15-OSC32_OUT.Locked=true
PA4.PinState=GPIO_PIN_SET
NVIC.DMA1_Channel2_IRQn=true\:0\:0\:false\:false\:true\:false\:true
ProjectManager.TargetToolchain=STM32CubeIDE
PB7.GPIOParameters=GPIO_Speed,PinState,GPIO_PuPd,GPIO_Label,GPIO_ModeDefaultOutputPP
PA9.Signal=USART1_TX
ADC1.Channel-1\#ChannelRegularConversion=ADC_CHANNEL_1
PB5.Locked=true
Dma.ADC1.2.RequestParameters=Instance,Direction,PeriphInc,MemInc,PeriphDataAlignment,MemDataAlignment,Mode,Priority
PB4.GPIO_PuPd=GPIO_NOPULL
ProjectManager.RegisterCallBack=
RCC.USBFreq_Value=64000000
PC15-OSC32_OUT.Signal=GPIO_Output
PA1.Signal=SharedAnalog_PA1
PA5.Signal=SPI1_SCK
board=custom
ProjectManager.LastFirmware=true
PB4.GPIO_Speed=GPIO_SPEED_FREQ_MEDIUM
RCC.APB2Freq_Value=64000000
MxCube.Version=6.2.1
PB4.GPIO_Label=HEARTBEAT
SPI1.Mode=SPI_MODE_MASTER
PB7.GPIO_ModeDefaultOutputPP=GPIO_MODE_OUTPUT_PP
Dma.SPI1_RX.0.Instance=DMA1_Channel2
SH.SharedAnalog_PA2.0=GPIO_Analog
SH.SharedAnalog_PA2.1=ADC1_IN2,IN2
PA1.GPIO_Label=V_5V_SNS
PA10.GPIOParameters=GPIO_Label
VP_SYS_VS_Systick.Mode=SysTick
Dma.SPI1_RX.0.PeriphDataAlignment=DMA_PDATAALIGN_BYTE
Dma.SPI1_RX.0.MemDataAlignment=DMA_MDATAALIGN_BYTE
NVIC.NonMaskableInt_IRQn=true\:0\:0\:false\:false\:true\:false\:false
PA4.GPIOParameters=GPIO_Speed,PinState,GPIO_PuPd,GPIO_Label,GPIO_ModeDefaultOutputPP
SH.SharedAnalog_PA0.ConfNb=2
ADC1.NbrOfConversion=3
PA13.Mode=Trace_Asynchronous_SW
ProjectManager.FreePins=false
RCC.IPParameters=ADCFreqValue,ADCPresc,AHBFreq_Value,APB1CLKDivider,APB1Freq_Value,APB1TimFreq_Value,APB2Freq_Value,APB2TimFreq_Value,FCLKCortexFreq_Value,FamilyName,HCLKFreq_Value,MCOFreq_Value,PLLCLKFreq_Value,PLLMCOFreq_Value,PLLMUL,SYSCLKFreq_VALUE,SYSCLKSource,TimSysFreq_Value,USBFreq_Value
ProjectManager.AskForMigrate=true
Mcu.Name=STM32F103C(8-B)Tx
Dma.SPI1_RX.0.MemInc=DMA_MINC_ENABLE
PA2.Signal=SharedAnalog_PA2
PA13.GPIO_Label=SWD_IO
Dma.ADC1.2.Instance=DMA1_Channel1
ProjectManager.UnderRoot=true
Mcu.IP6=USART1
ProjectManager.CoupleFile=true
PB4.Locked=true
PB3.Signal=SYS_JTDO-TRACESWO
PA4.Signal=GPIO_Output
ADC1.SamplingTime-1\#ChannelRegularConversion=ADC_SAMPLETIME_55CYCLES_5
RCC.SYSCLKFreq_VALUE=64000000
Dma.ADC1.2.Priority=DMA_PRIORITY_MEDIUM
PB5.Signal=GPIO_Output
RCC.TimSysFreq_Value=64000000
PA1.Locked=true
PA7.GPIO_Label=SPI1_MOSI
ADC1.master=1
PA3.Locked=true
PA5.GPIO_Label=SPI1_SCK
Dma.ADC1.2.PeriphInc=DMA_PINC_DISABLE
NVIC.ForceEnableDMAVector=true
KeepUserPlacement=false
PA14.GPIOParameters=GPIO_Label
PB5.GPIO_PuPd=GPIO_NOPULL
NVIC.MemoryManagement_IRQn=true\:0\:0\:false\:false\:true\:false\:false
USART1.VirtualMode=VM_ASYNC
ProjectManager.CompilerOptimize=6
PB6.PinState=GPIO_PIN_SET
ADC1.Rank-1\#ChannelRegularConversion=2
PA14.Signal=SYS_JTCK-SWCLK
ProjectManager.HeapSize=0x200
Mcu.Pin15=PB4
NVIC.HardFault_IRQn=true\:0\:0\:false\:false\:true\:false\:false
Mcu.Pin16=PB5
Mcu.Pin13=PA14
Mcu.Pin14=PB3
Mcu.Pin19=VP_SYS_VS_Systick
Dma.SPI1_RX.0.Priority=DMA_PRIORITY_HIGH
ProjectManager.ComputerToolchain=false
Mcu.Pin17=PB6
Mcu.Pin18=PB7
SH.SharedAnalog_PA1.1=ADC1_IN1,IN1
NVIC.PriorityGroup=NVIC_PRIORITYGROUP_4
SH.SharedAnalog_PA1.0=GPIO_Analog
ADC1.NbrOfConversionFlag=1
Mcu.Pin11=PA10
Mcu.Pin12=PA13
Mcu.Pin10=PA9
PB7.Locked=true
PA3.PinState=GPIO_PIN_SET
PC14-OSC32_IN.GPIO_PuPd=GPIO_PULLDOWN
NVIC.DMA1_Channel1_IRQn=true\:0\:0\:false\:false\:true\:false\:true
PB6.GPIO_Speed=GPIO_SPEED_FREQ_MEDIUM
RCC.APB1Freq_Value=32000000
PA7.GPIOParameters=GPIO_Label
ProjectManager.DeviceId=STM32F103C8Tx
ProjectManager.LibraryCopy=1
PA3.GPIO_Label=SPI1_FLASH_CS
PA7.Signal=SPI1_MOSI
isbadioc=false
